// !$*UTF8*$!
{
    archiveVersion = 1;
    classes = {};
    objectVersion = 56;
    objects = {

/* Begin PBXBuildFile section */
        A10000010000000000000001 /* iosApp.swift in Sources */ = {isa = PBXBuildFile; fileRef = A10000100000000000000001 /* iosApp.swift */; };
/* End PBXBuildFile section */

/* Begin PBXFileReference section */
        A10000100000000000000001 /* iosApp.swift */ = {isa = PBXFileReference; lastKnownFileType = sourcecode.swift; path = iosApp.swift; sourceTree = "<group>"; };
        A10000110000000000000001 /* Info.plist */ = {isa = PBXFileReference; lastKnownFileType = text.plist.xml; path = Info.plist; sourceTree = "<group>"; };
        A10000120000000000000001 /* LaunchScreen.storyboard */ = {isa = PBXFileReference; lastKnownFileType = file.storyboard; path = LaunchScreen.storyboard; sourceTree = "<group>"; };
        A10000130000000000000001 /* CriosRangoKMPSpike.app */ = {isa = PBXFileReference; explicitFileType = wrapper.application; includeInIndex = 0; path = CriosRangoKMPSpike.app; sourceTree = BUILT_PRODUCTS_DIR; };
/* End PBXFileReference section */

/* Begin PBXFrameworksBuildPhase section */
        A10000200000000000000001 /* Frameworks */ = {isa = PBXFrameworksBuildPhase; buildActionMask = 2147483647; files = (); runOnlyForDeploymentPostprocessing = 0; };
/* End PBXFrameworksBuildPhase section */

/* Begin PBXGroup section */
        A10000300000000000000001 = {
            isa = PBXGroup;
            children = (A10000310000000000000001 /* iosApp */, A10000320000000000000001 /* Products */);
            sourceTree = "<group>";
        };
        A10000310000000000000001 /* iosApp */ = {
            isa = PBXGroup;
            children = (A10000100000000000000001 /* iosApp.swift */, A10000110000000000000000001 /* Info.plist */, A10000120000000000000001 /* LaunchScreen.storyboard */);
            path = .;
            sourceTree = "<group>";
        };
        A10000320000000000000001 /* Products */ = {
            isa = PBXGroup;
            children = (A10000130000000000000001 /* CriosRangoKMPSpike.app */);
            name = Products;
            sourceTree = "<group>";
        };
/* End PBXGroup section */

/* Begin PBXNativeTarget section */
        A10000400000000000000001 /* CriosRangoKMPSpike */ = {
            isa = PBXNativeTarget;
            buildConfigurationList = A10000800000000000000001 /* Build configuration list for target */;
            buildPhases = (
                A10000900000000000000001 /* Compile Kotlin Framework */,
                A10000500000000000000001 /* Sources */,
                A10000200000000000000001 /* Frameworks */,
                A10000600000000000000001 /* Resources */
            );
            buildRules = ();
            dependencies = ();
            name = CriosRangoKMPSpike;
            productName = CriosRangoKMPSpike;
            productReference = A10000130000000000000001 /* CriosRangoKMPSpike.app */;
            productType = "com.apple.product-type.application";
        };
/* End PBXNativeTarget section */

/* Begin PBXProject section */
        A10000700000000000000001 /* Project object */ = {
            isa = PBXProject;
            attributes = { LastUpgradeCheck = 1600; };
            buildConfigurationList = A10000710000000000000001 /* Project configuration list */;
            compatibilityVersion = "Xcode 14.0";
            developmentRegion = en;
            hasScannedForEncodings = 0;
            mainGroup = A10000300000000000000001;
            productRefGroup = A10000320000000000000001 /* Products */;
            projectDirPath = "";
            projectRoot = "";
            targets = (A10000400000000000000001 /* CriosRangoKMPSpike */);
        };
/* End PBXProject section */

/* Begin PBXResourcesBuildPhase section */
        A10000600000000000000001 /* Resources */ = {
            isa = PBXResourcesBuildPhase;
            buildActionMask = 2147483647;
            files = ();
            runOnlyForDeploymentPostprocessing = 0;
        };
/* End PBXResourcesBuildPhase section */

/* Begin PBXShellScriptBuildPhase section */
        A10000900000000000000001 /* Compile Kotlin Framework */ = {
            isa = PBXShellScriptBuildPhase;
            buildActionMask = 2147483647;
            files = ();
            inputPaths = ();
            outputPaths = ();
            runOnlyForDeploymentPostprocessing = 0;
            shellPath = /bin/sh;
            shellScript = "cd \"$SRCROOT/..\"\nif [ \"$SDKROOT\" = \"iphonesimulator\" ]; then\n  ./gradlew :shared:linkDebugFrameworkIosSimulatorArm64\nelse\n  ./gradlew :shared:linkDebugFrameworkIosArm64\nfi\n";
        };
/* End PBXShellScriptBuildPhase section */

/* Begin PBXSourcesBuildPhase section */
        A10000500000000000000001 /* Sources */ = {
            isa = PBXSourcesBuildPhase;
            buildActionMask = 2147483647;
            files = (A10000010000000000000001 /* iosApp.swift in Sources */);
            runOnlyForDeploymentPostprocessing = 0;
        };
/* End PBXSourcesBuildPhase section */

/* Begin XCBuildConfiguration section */
        A10001000000000000000001 /* Debug */ = {
            isa = XCBuildConfiguration;
            buildSettings = {
                ALWAYS_SEARCH_USER_PATHS = NO;
                SWIFT_ACTIVE_COMPILATION_CONDITIONS = DEBUG;
                SWIFT_OPTIMIZATION_LEVEL = "-Onone";
                SDKROOT = iphoneos;
            };
            name = Debug;
        };
        A10001010000000000000001 /* Release */ = {
            isa = XCBuildConfiguration;
            buildSettings = {
                ALWAYS_SEARCH_USER_PATHS = NO;
                SDKROOT = iphoneos;
                SWIFT_OPTIMIZATION_LEVEL = "-O";
            };
            name = Release;
        };
        A10001100000000000000001 /* Debug */ = {
            isa = XCBuildConfiguration;
            buildSettings = {
                INFOPLIST_FILE = Info.plist;
                IPHONEOS_DEPLOYMENT_TARGET = 16.0;
                "FRAMEWORK_SEARCH_PATHS[sdk=iphonesimulator*]" = (
                    "$(PROJECT_DIR)/../shared/build/bin/iosSimulatorArm64/debugFramework",
                );
                "FRAMEWORK_SEARCH_PATHS[sdk=iphoneos*]" = (
                    "$(PROJECT_DIR)/../shared/build/bin/iosArm64/debugFramework",
                );
                OTHER_LDFLAGS = "-framework Shared";
                PRODUCT_BUNDLE_IDENTIFIER = es.criosrango.kmpspike;
                ARCHS = arm64;
                PRODUCT_NAME = CriosRangoKMPSpike;
                SWIFT_VERSION = 5.0;
                TARGETED_DEVICE_FAMILY = 1;
                CODE_SIGNING_ALLOWED = NO;
                CURRENT_PROJECT_VERSION = 1;
                MARKETING_VERSION = 1.0;
                INFOPLIST_KEY_CADisableMinimumFrameDurationOnPhone = YES;
            };
            name = Debug;
        };
        A10001110000000000000001 /* Release */ = {
            isa = XCBuildConfiguration;
            buildSettings = {
                INFOPLIST_FILE = iosApp/Info.plist;
                IPHONEOS_DEPLOYMENT_TARGET = 16.0;
                FRAMEWORK_SEARCH_PATHS = "$(SRCROOT)/../shared/build/xcode-frameworks/$(CONFIGURATION)/$(SDK_NAME)";
                OTHER_LDFLAGS = "-framework Shared";
                PRODUCT_BUNDLE_IDENTIFIER = es.criosrango.kmpspike;
                PRODUCT_NAME = CriosRangoKMPSpike;
                SWIFT_VERSION = 5.0;
                TARGETED_DEVICE_FAMILY = 1;
                CODE_SIGNING_ALLOWED = NO;
                CURRENT_PROJECT_VERSION = 1;
                MARKETING_VERSION = 1.0;
                INFOPLIST_KEY_CADisableMinimumFrameDurationOnPhone = YES;
            };
            name = Release;
        };
/* End XCBuildConfiguration section */

/* Begin XCConfigurationList section */
        A10000710000000000000001 /* Project configuration list */ = {
            isa = XCConfigurationList;
            buildConfigurations = (A10001000000000000000001 /* Debug */, A10001010000000000000000001 /* Release */);
            defaultConfigurationIsVisible = 0;
            defaultConfigurationName = Release;
        };
        A10000800000000000000001 /* Build configuration list for target */ = {
            isa = XCConfigurationList;
            buildConfigurations = (A10001100000000000000001 /* Debug */, A10001110000000000000001 /* Release */);
            defaultConfigurationIsVisible = 0;
            defaultConfigurationName = Release;
        };
/* End XCConfigurationList section */
    };
    rootObject = A10000700000000000000001 /* Project object */;
}
